
Microsoft Visual Studio Solution File, Format Version 12.00
# Visual Studio Version 17
VisualStudioVersion = 17.13.35931.197 d17.13
MinimumVisualStudioVersion = 10.0.40219.1
Project("{FAE04EC0-301F-11D3-BF4B-00C04F79EFBC}") = "TaskParallelFileReading", "TaskParallelFileReading\TaskParallelFileReading.csproj", "{12434994-1938-4FBE-BA47-7835AA0A430B}"
EndProject
Project("{FAE04EC0-301F-11D3-BF4B-00C04F79EFBC}") = "MultiThreadedProject", "MultiThreadedProject\MultiThreadedProject.csproj", "{9FE90378-63D9-4F61-9357-E838B61843D8}"
EndProject
Project("{FAE04EC0-301F-11D3-BF4B-00C04F79EFBC}") = "PrototypePattern", "PrototypePattern\PrototypePattern.csproj", "{11D59AA6-F9FA-4971-809F-5147A666F4B7}"
EndProject
Project("{FAE04EC0-301F-11D3-BF4B-00C04F79EFBC}") = "DemonstrationOfSolidPrinciples", "DemonstrationOfSolidPrinciples\DemonstrationOfSolidPrinciples.csproj", "{3EEC8689-ABA1-4067-903A-056F828A4236}"
EndProject
Project("{FAE04EC0-301F-11D3-BF4B-00C04F79EFBC}") = "Reflection", "Reflection\Reflection.csproj", "{702B854C-07A8-49AC-8EC4-2C6A1C149177}"
EndProject
Project("{FAE04EC0-301F-11D3-BF4B-00C04F79EFBC}") = "Delegates&Events", "Delegates&Events\Delegates&Events.csproj", "{A9DB792D-BFF5-47E5-B103-2CC0765DFC89}"
EndProject
Project("{2150E333-8FDC-42A3-9474-1A3956D46DE8}") = "DatabaseShop", "DatabaseShop", "{02EA681E-C7D8-13C7-8484-4AC65E1B71E8}"
	ProjectSection(SolutionItems) = preProject
		DdlCommand.sql = DdlCommand.sql
		Query.sql = Query.sql
	EndProjectSection
EndProject
Global
	GlobalSection(SolutionConfigurationPlatforms) = preSolution
		Debug|Any CPU = Debug|Any CPU
		Release|Any CPU = Release|Any CPU
	EndGlobalSection
	GlobalSection(ProjectConfigurationPlatforms) = postSolution
		{12434994-1938-4FBE-BA47-7835AA0A430B}.Debug|Any CPU.ActiveCfg = Debug|Any CPU
		{12434994-1938-4FBE-BA47-7835AA0A430B}.Debug|Any CPU.Build.0 = Debug|Any CPU
		{12434994-1938-4FBE-BA47-7835AA0A430B}.Release|Any CPU.ActiveCfg = Release|Any CPU
		{12434994-1938-4FBE-BA47-7835AA0A430B}.Release|Any CPU.Build.0 = Release|Any CPU
		{9FE90378-63D9-4F61-9357-E838B61843D8}.Debug|Any CPU.ActiveCfg = Debug|Any CPU
		{9FE90378-63D9-4F61-9357-E838B61843D8}.Debug|Any CPU.Build.0 = Debug|Any CPU
		{9FE90378-63D9-4F61-9357-E838B61843D8}.Release|Any CPU.ActiveCfg = Release|Any CPU
		{9FE90378-63D9-4F61-9357-E838B61843D8}.Release|Any CPU.Build.0 = Release|Any CPU
		{11D59AA6-F9FA-4971-809F-5147A666F4B7}.Debug|Any CPU.ActiveCfg = Debug|Any CPU
		{11D59AA6-F9FA-4971-809F-5147A666F4B7}.Debug|Any CPU.Build.0 = Debug|Any CPU
		{11D59AA6-F9FA-4971-809F-5147A666F4B7}.Release|Any CPU.ActiveCfg = Release|Any CPU
		{11D59AA6-F9FA-4971-809F-5147A666F4B7}.Release|Any CPU.Build.0 = Release|Any CPU
		{3EEC8689-ABA1-4067-903A-056F828A4236}.Debug|Any CPU.ActiveCfg = Debug|Any CPU
		{3EEC8689-ABA1-4067-903A-056F828A4236}.Debug|Any CPU.Build.0 = Debug|Any CPU
		{3EEC8689-ABA1-4067-903A-056F828A4236}.Release|Any CPU.ActiveCfg = Release|Any CPU
		{3EEC8689-ABA1-4067-903A-056F828A4236}.Release|Any CPU.Build.0 = Release|Any CPU
		{702B854C-07A8-49AC-8EC4-2C6A1C149177}.Debug|Any CPU.ActiveCfg = Debug|Any CPU
		{702B854C-07A8-49AC-8EC4-2C6A1C149177}.Debug|Any CPU.Build.0 = Debug|Any CPU
		{702B854C-07A8-49AC-8EC4-2C6A1C149177}.Release|Any CPU.ActiveCfg = Release|Any CPU
		{702B854C-07A8-49AC-8EC4-2C6A1C149177}.Release|Any CPU.Build.0 = Release|Any CPU
		{A9DB792D-BFF5-47E5-B103-2CC0765DFC89}.Debug|Any CPU.ActiveCfg = Debug|Any CPU
		{A9DB792D-BFF5-47E5-B103-2CC0765DFC89}.Debug|Any CPU.Build.0 = Debug|Any CPU
		{A9DB792D-BFF5-47E5-B103-2CC0765DFC89}.Release|Any CPU.ActiveCfg = Release|Any CPU
		{A9DB792D-BFF5-47E5-B103-2CC0765DFC89}.Release|Any CPU.Build.0 = Release|Any CPU
	EndGlobalSection
	GlobalSection(SolutionProperties) = preSolution
		HideSolutionNode = FALSE
	EndGlobalSection
	GlobalSection(ExtensibilityGlobals) = postSolution
		SolutionGuid = {853DFFEA-28EC-43DA-9DBC-0275E980A95E}
	EndGlobalSection
EndGlobal
